
Microsoft Visual Studio Solution File, Format Version 12.00
# Visual Studio 15
VisualStudioVersion = 15.0.27703.2026
MinimumVisualStudioVersion = 10.0.40219.1
Project("{FAE04EC0-301F-11D3-BF4B-00C04F79EFBC}") = "ReforcoEF.Infra.Data", "ReforcoEF.Infra.Data\ReforcoEF.Infra.Data.csproj", "{D63E091A-B969-4CE3-91A9-8515A805CA83}"
EndProject
Project("{FAE04EC0-301F-11D3-BF4B-00C04F79EFBC}") = "ReforcoEF.Dominio", "ReforcoEF.Dominio\ReforcoEF.Dominio.csproj", "{48BCA11D-5B25-4EF9-B552-B9656EF0145C}"
EndProject
Project("{2150E333-8FDC-42A3-9474-1A3956D46DE8}") = "3. Dominio", "3. Dominio", "{26290E0F-5CAB-4C8A-9779-89797CB15B2C}"
EndProject
Project("{2150E333-8FDC-42A3-9474-1A3956D46DE8}") = "4. Infraestrutura", "4. Infraestrutura", "{EA1CD4D9-7397-4A51-B927-B6767554709C}"
EndProject
Project("{2150E333-8FDC-42A3-9474-1A3956D46DE8}") = "Testes", "Testes", "{2006F25A-382A-4B6F-8152-DBB6AB45A0DB}"
EndProject
Project("{FAE04EC0-301F-11D3-BF4B-00C04F79EFBC}") = "ReforcoEF.Infra.Data.Testes", "ReforcoEF.Infra.Data.Testes\ReforcoEF.Infra.Data.Testes.csproj", "{5C8CC003-442A-4C9E-86BD-FBB2EE051C8B}"
EndProject
Project("{FAE04EC0-301F-11D3-BF4B-00C04F79EFBC}") = "ReforcoEF.Comum.Testes", "ReforcoEF.Comum.Testes\ReforcoEF.Comum.Testes.csproj", "{8A98BBA7-1B3C-4FB3-A9B0-8F06DDDF94D2}"
EndProject
Global
	GlobalSection(SolutionConfigurationPlatforms) = preSolution
		Debug|Any CPU = Debug|Any CPU
		Release|Any CPU = Release|Any CPU
	EndGlobalSection
	GlobalSection(ProjectConfigurationPlatforms) = postSolution
		{D63E091A-B969-4CE3-91A9-8515A805CA83}.Debug|Any CPU.ActiveCfg = Debug|Any CPU
		{D63E091A-B969-4CE3-91A9-8515A805CA83}.Debug|Any CPU.Build.0 = Debug|Any CPU
		{D63E091A-B969-4CE3-91A9-8515A805CA83}.Release|Any CPU.ActiveCfg = Release|Any CPU
		{D63E091A-B969-4CE3-91A9-8515A805CA83}.Release|Any CPU.Build.0 = Release|Any CPU
		{48BCA11D-5B25-4EF9-B552-B9656EF0145C}.Debug|Any CPU.ActiveCfg = Debug|Any CPU
		{48BCA11D-5B25-4EF9-B552-B9656EF0145C}.Debug|Any CPU.Build.0 = Debug|Any CPU
		{48BCA11D-5B25-4EF9-B552-B9656EF0145C}.Release|Any CPU.ActiveCfg = Release|Any CPU
		{48BCA11D-5B25-4EF9-B552-B9656EF0145C}.Release|Any CPU.Build.0 = Release|Any CPU
		{5C8CC003-442A-4C9E-86BD-FBB2EE051C8B}.Debug|Any CPU.ActiveCfg = Debug|Any CPU
		{5C8CC003-442A-4C9E-86BD-FBB2EE051C8B}.Debug|Any CPU.Build.0 = Debug|Any CPU
		{5C8CC003-442A-4C9E-86BD-FBB2EE051C8B}.Release|Any CPU.ActiveCfg = Release|Any CPU
		{5C8CC003-442A-4C9E-86BD-FBB2EE051C8B}.Release|Any CPU.Build.0 = Release|Any CPU
		{8A98BBA7-1B3C-4FB3-A9B0-8F06DDDF94D2}.Debug|Any CPU.ActiveCfg = Debug|Any CPU
		{8A98BBA7-1B3C-4FB3-A9B0-8F06DDDF94D2}.Debug|Any CPU.Build.0 = Debug|Any CPU
		{8A98BBA7-1B3C-4FB3-A9B0-8F06DDDF94D2}.Release|Any CPU.ActiveCfg = Release|Any CPU
		{8A98BBA7-1B3C-4FB3-A9B0-8F06DDDF94D2}.Release|Any CPU.Build.0 = Release|Any CPU
	EndGlobalSection
	GlobalSection(SolutionProperties) = preSolution
		HideSolutionNode = FALSE
	EndGlobalSection
	GlobalSection(NestedProjects) = preSolution
		{D63E091A-B969-4CE3-91A9-8515A805CA83} = {EA1CD4D9-7397-4A51-B927-B6767554709C}
		{48BCA11D-5B25-4EF9-B552-B9656EF0145C} = {26290E0F-5CAB-4C8A-9779-89797CB15B2C}
		{5C8CC003-442A-4C9E-86BD-FBB2EE051C8B} = {2006F25A-382A-4B6F-8152-DBB6AB45A0DB}
		{8A98BBA7-1B3C-4FB3-A9B0-8F06DDDF94D2} = {2006F25A-382A-4B6F-8152-DBB6AB45A0DB}
	EndGlobalSection
	GlobalSection(ExtensibilityGlobals) = postSolution
		SolutionGuid = {CB85DE57-CF7F-42D3-A947-BA9836B39C88}
	EndGlobalSection
EndGlobal
