
Microsoft Visual Studio Solution File, Format Version 12.00
# Visual Studio 15
VisualStudioVersion = 15.0.27703.2026
MinimumVisualStudioVersion = 10.0.40219.1
Project("{FAE04EC0-301F-11D3-BF4B-00C04F79EFBC}") = "ProvaTDD.Aplicacao", "AnaProvaTDD\ProvaTDD.Aplicacao.csproj", "{94EFF5D9-69AB-405C-B20B-EE9809E46AF1}"
EndProject
Project("{2150E333-8FDC-42A3-9474-1A3956D46DE8}") = "1. Apresentação", "1. Apresentação", "{2353C908-4A31-4ABC-B2C2-26F1B486BD81}"
EndProject
Project("{2150E333-8FDC-42A3-9474-1A3956D46DE8}") = "2. Aplicação", "2. Aplicação", "{80A3E941-F008-4495-9E38-CA10C2FE0C6C}"
EndProject
Project("{2150E333-8FDC-42A3-9474-1A3956D46DE8}") = "3. Dominio", "3. Dominio", "{33960631-F114-489E-B3FC-CC73971D7471}"
EndProject
Project("{FAE04EC0-301F-11D3-BF4B-00C04F79EFBC}") = "ProvaTDD.Dominio", "ProvaTDD.Dominio\ProvaTDD.Dominio.csproj", "{89C76B74-B67E-43BC-B8FA-349141F4624E}"
EndProject
Project("{2150E333-8FDC-42A3-9474-1A3956D46DE8}") = "4. Infraestrutura", "4. Infraestrutura", "{C0EC5A71-3AE8-4E0B-A07D-BBE17CECB3CA}"
EndProject
Project("{FAE04EC0-301F-11D3-BF4B-00C04F79EFBC}") = "ProvaTDD.Infra", "ProvaTDD.Infra\ProvaTDD.Infra.csproj", "{D3ADE071-3E21-4B62-90D2-76D4F92ED27A}"
EndProject
Project("{FAE04EC0-301F-11D3-BF4B-00C04F79EFBC}") = "ProvaTDD.Infra.Data", "ProvaTDD.Infra.Data\ProvaTDD.Infra.Data.csproj", "{236E1F3F-BF94-417A-9499-CFD64D00F8A2}"
EndProject
Project("{2150E333-8FDC-42A3-9474-1A3956D46DE8}") = "Testes", "Testes", "{884E1692-F30C-4B5E-8676-EC425A8EE4D7}"
EndProject
Global
	GlobalSection(SolutionConfigurationPlatforms) = preSolution
		Debug|Any CPU = Debug|Any CPU
		Release|Any CPU = Release|Any CPU
	EndGlobalSection
	GlobalSection(ProjectConfigurationPlatforms) = postSolution
		{94EFF5D9-69AB-405C-B20B-EE9809E46AF1}.Debug|Any CPU.ActiveCfg = Debug|Any CPU
		{94EFF5D9-69AB-405C-B20B-EE9809E46AF1}.Debug|Any CPU.Build.0 = Debug|Any CPU
		{94EFF5D9-69AB-405C-B20B-EE9809E46AF1}.Release|Any CPU.ActiveCfg = Release|Any CPU
		{94EFF5D9-69AB-405C-B20B-EE9809E46AF1}.Release|Any CPU.Build.0 = Release|Any CPU
		{89C76B74-B67E-43BC-B8FA-349141F4624E}.Debug|Any CPU.ActiveCfg = Debug|Any CPU
		{89C76B74-B67E-43BC-B8FA-349141F4624E}.Debug|Any CPU.Build.0 = Debug|Any CPU
		{89C76B74-B67E-43BC-B8FA-349141F4624E}.Release|Any CPU.ActiveCfg = Release|Any CPU
		{89C76B74-B67E-43BC-B8FA-349141F4624E}.Release|Any CPU.Build.0 = Release|Any CPU
		{D3ADE071-3E21-4B62-90D2-76D4F92ED27A}.Debug|Any CPU.ActiveCfg = Debug|Any CPU
		{D3ADE071-3E21-4B62-90D2-76D4F92ED27A}.Debug|Any CPU.Build.0 = Debug|Any CPU
		{D3ADE071-3E21-4B62-90D2-76D4F92ED27A}.Release|Any CPU.ActiveCfg = Release|Any CPU
		{D3ADE071-3E21-4B62-90D2-76D4F92ED27A}.Release|Any CPU.Build.0 = Release|Any CPU
		{236E1F3F-BF94-417A-9499-CFD64D00F8A2}.Debug|Any CPU.ActiveCfg = Debug|Any CPU
		{236E1F3F-BF94-417A-9499-CFD64D00F8A2}.Debug|Any CPU.Build.0 = Debug|Any CPU
		{236E1F3F-BF94-417A-9499-CFD64D00F8A2}.Release|Any CPU.ActiveCfg = Release|Any CPU
		{236E1F3F-BF94-417A-9499-CFD64D00F8A2}.Release|Any CPU.Build.0 = Release|Any CPU
	EndGlobalSection
	GlobalSection(SolutionProperties) = preSolution
		HideSolutionNode = FALSE
	EndGlobalSection
	GlobalSection(NestedProjects) = preSolution
		{94EFF5D9-69AB-405C-B20B-EE9809E46AF1} = {80A3E941-F008-4495-9E38-CA10C2FE0C6C}
		{89C76B74-B67E-43BC-B8FA-349141F4624E} = {33960631-F114-489E-B3FC-CC73971D7471}
		{D3ADE071-3E21-4B62-90D2-76D4F92ED27A} = {C0EC5A71-3AE8-4E0B-A07D-BBE17CECB3CA}
		{236E1F3F-BF94-417A-9499-CFD64D00F8A2} = {C0EC5A71-3AE8-4E0B-A07D-BBE17CECB3CA}
	EndGlobalSection
	GlobalSection(ExtensibilityGlobals) = postSolution
		SolutionGuid = {F85CAC8E-B45C-4153-8F9D-0BA41BB7A519}
	EndGlobalSection
EndGlobal
