
Microsoft Visual Studio Solution File, Format Version 12.00
# Visual Studio 15
VisualStudioVersion = 15.0.27703.2026
MinimumVisualStudioVersion = 10.0.40219.1
Project("{FAE04EC0-301F-11D3-BF4B-00C04F79EFBC}") = "AnaProvaTDD", "AnaProvaTDD\AnaProvaTDD.csproj", "{94EFF5D9-69AB-405C-B20B-EE9809E46AF1}"
EndProject
Global
	GlobalSection(SolutionConfigurationPlatforms) = preSolution
		Debug|Any CPU = Debug|Any CPU
		Release|Any CPU = Release|Any CPU
	EndGlobalSection
	GlobalSection(ProjectConfigurationPlatforms) = postSolution
		{94EFF5D9-69AB-405C-B20B-EE9809E46AF1}.Debug|Any CPU.ActiveCfg = Debug|Any CPU
		{94EFF5D9-69AB-405C-B20B-EE9809E46AF1}.Debug|Any CPU.Build.0 = Debug|Any CPU
		{94EFF5D9-69AB-405C-B20B-EE9809E46AF1}.Release|Any CPU.ActiveCfg = Release|Any CPU
		{94EFF5D9-69AB-405C-B20B-EE9809E46AF1}.Release|Any CPU.Build.0 = Release|Any CPU
	EndGlobalSection
	GlobalSection(SolutionProperties) = preSolution
		HideSolutionNode = FALSE
	EndGlobalSection
	GlobalSection(ExtensibilityGlobals) = postSolution
		SolutionGuid = {F85CAC8E-B45C-4153-8F9D-0BA41BB7A519}
	EndGlobalSection
EndGlobal
